
Microsoft Visual Studio Solution File, Format Version 12.00
# Visual Studio 2013
VisualStudioVersion = 12.0.31101.0
MinimumVisualStudioVersion = 10.0.40219.1
Project("{FAE04EC0-301F-11D3-BF4B-00C04F79EFBC}") = "WeddingWebsite", "WeddingWebsite\WeddingWebsite.csproj", "{4E40E63E-F390-4D28-8610-E8F1E473DCCB}"
EndProject
Global
	GlobalSection(SolutionConfigurationPlatforms) = preSolution
		Debug|Any CPU = Debug|Any CPU
		Release|Any CPU = Release|Any CPU
	EndGlobalSection
	GlobalSection(ProjectConfigurationPlatforms) = postSolution
		{4E40E63E-F390-4D28-8610-E8F1E473DCCB}.Debug|Any CPU.ActiveCfg = Debug|Any CPU
		{4E40E63E-F390-4D28-8610-E8F1E473DCCB}.Debug|Any CPU.Build.0 = Debug|Any CPU
		{4E40E63E-F390-4D28-8610-E8F1E473DCCB}.Release|Any CPU.ActiveCfg = Release|Any CPU
		{4E40E63E-F390-4D28-8610-E8F1E473DCCB}.Release|Any CPU.Build.0 = Release|Any CPU
	EndGlobalSection
	GlobalSection(SolutionProperties) = preSolution
		HideSolutionNode = FALSE
	EndGlobalSection
EndGlobal
